Microsoft Visual Studio Solution File, Format Version 12.00
# Visual Studio Version 17
VisualStudioVersion = 17.5.2.0
MinimumVisualStudioVersion = 10.0.40219.1
Project("{FAE04EC0-301F-11D3-BF4B-00C04F79EFBC}") = "TactiqApi", "TactiqApi.csproj", "{5C213867-76EE-91B4-5B61-D71E7DB7C96D}"
EndProject
Global
	GlobalSection(SolutionConfigurationPlatforms) = preSolution
		Debug|Any CPU = Debug|Any CPU
		Release|Any CPU = Release|Any CPU
	EndGlobalSection
	GlobalSection(ProjectConfigurationPlatforms) = postSolution
		{5C213867-76EE-91B4-5B61-D71E7DB7C96D}.Debug|Any CPU.ActiveCfg = Debug|Any CPU
		{5C213867-76EE-91B4-5B61-D71E7DB7C96D}.Debug|Any CPU.Build.0 = Debug|Any CPU
		{5C213867-76EE-91B4-5B61-D71E7DB7C96D}.Release|Any CPU.ActiveCfg = Release|Any CPU
		{5C213867-76EE-91B4-5B61-D71E7DB7C96D}.Release|Any CPU.Build.0 = Release|Any CPU
	EndGlobalSection
	GlobalSection(SolutionProperties) = preSolution
		HideSolutionNode = FALSE
	EndGlobalSection
	GlobalSection(ExtensibilityGlobals) = postSolution
		SolutionGuid = {61B2A795-4FF3-4000-9D65-17DDAE8CA049}
	EndGlobalSection
EndGlobal
